{
  "nodes": {
    "nixpkgs": {
      "locked": {
        "lastModified": 1782136345,
        "narHash": "sha256-x4W5gYibYjKZz1QL9UXf6mE1lZKc3K8IdqlUKi2n478=",
        "owner": "NixOS",
        "repo": "nixpkgs",
        "rev": "be18e3d5fc8357d4f21d3d3f6922b9a812ac9b1f",
        "type": "github"
      },
      "original": {
        "owner": "NixOS",
        "repo": "nixpkgs",
        "type": "github"
      }
    },
    "root": {
      "inputs": {
        "nixpkgs": "nixpkgs"
      }
    }
  },
  "root": "root",
  "version": 7
}
