{
  "nodes": {
    "nixpkgs": {
      "locked": {
        "lastModified": 1780684585,
        "narHash": "sha256-vRKma8jEaPvJWTMEulha2rPeNUaUAzOq1yC/uBM95fA=",
        "owner": "NixOS",
        "repo": "nixpkgs",
        "rev": "7dafc48c91b02f143cd5e80327fb238a90214cac",
        "type": "github"
      },
      "original": {
        "owner": "NixOS",
        "repo": "nixpkgs",
        "type": "github"
      }
    },
    "root": {
      "inputs": {
        "nixpkgs": "nixpkgs"
      }
    }
  },
  "root": "root",
  "version": 7
}
