{
  "nodes": {
    "nixpkgs": {
      "locked": {
        "lastModified": 1778093129,
        "narHash": "sha256-OSPFra3iaZoTmrVyIQradgST8CeGhsN8lFUvV6eLtYc=",
        "owner": "NixOS",
        "repo": "nixpkgs",
        "rev": "51256eff30e7e34a88940923c85f4d8b144dc933",
        "type": "github"
      },
      "original": {
        "owner": "NixOS",
        "repo": "nixpkgs",
        "type": "github"
      }
    },
    "root": {
      "inputs": {
        "nixpkgs": "nixpkgs"
      }
    }
  },
  "root": "root",
  "version": 7
}
